// !$*UTF8*$!
{
	archiveVersion = 1;
	classes = {
	};
	objectVersion = 56;
	objects = {

/* Begin PBXBuildFile section */
		6843C61A292FB586008FDA73 /* deCrippleApp.swift in Sources */ = {isa = PBXBuildFile; fileRef = 6843C619292FB586008FDA73 /* deCrippleApp.swift */; };
		6843C61E292FB587008FDA73 /* Assets.xcassets in Resources */ = {isa = PBXBuildFile; fileRef = 6843C61D292FB587008FDA73 /* Assets.xcassets */; };
		6843C621292FB587008FDA73 /* Preview Assets.xcassets in Resources */ = {isa = PBXBuildFile; fileRef = 6843C620292FB587008FDA73 /* Preview Assets.xcassets */; };
		6843C629292FB636008FDA73 /* Neumorphic in Frameworks */ = {isa = PBXBuildFile; productRef = 6843C628292FB636008FDA73 /* Neumorphic */; };
		6843C62B292FB6A0008FDA73 /* iTunesLookup.swift in Sources */ = {isa = PBXBuildFile; fileRef = 6843C62A292FB69F008FDA73 /* iTunesLookup.swift */; };
		6843C62D292FB6C8008FDA73 /* Extensions.swift in Sources */ = {isa = PBXBuildFile; fileRef = 6843C62C292FB6C8008FDA73 /* Extensions.swift */; };
		6843C62F292FB6DE008FDA73 /* Launch Screen.storyboard in Resources */ = {isa = PBXBuildFile; fileRef = 6843C62E292FB6DD008FDA73 /* Launch Screen.storyboard */; };
		6843C631292FB6F5008FDA73 /* LookupView.swift in Sources */ = {isa = PBXBuildFile; fileRef = 6843C630292FB6F5008FDA73 /* LookupView.swift */; };
		6843C633292FDA93008FDA73 /* DecryptionRequest.swift in Sources */ = {isa = PBXBuildFile; fileRef = 6843C632292FDA93008FDA73 /* DecryptionRequest.swift */; };
		684EB84E2933A22500F3C57A /* LookupAppDetails.swift in Sources */ = {isa = PBXBuildFile; fileRef = 684EB84D2933A22500F3C57A /* LookupAppDetails.swift */; };
		685B3EE3293292130010E24D /* ContentView.swift in Sources */ = {isa = PBXBuildFile; fileRef = 6843C61B292FB586008FDA73 /* ContentView.swift */; };
		68DE97F12938CE0200A565B8 /* RepoView.swift in Sources */ = {isa = PBXBuildFile; fileRef = 68DE97F02938CE0200A565B8 /* RepoView.swift */; };
		68DE97F32938CF4B00A565B8 /* Components.swift in Sources */ = {isa = PBXBuildFile; fileRef = 68DE97F22938CF4B00A565B8 /* Components.swift */; };
		68DE97F5293987B400A565B8 /* RepoAppDetails.swift in Sources */ = {isa = PBXBuildFile; fileRef = 68DE97F4293987B400A565B8 /* RepoAppDetails.swift */; };
/* End PBXBuildFile section */

/* Begin PBXFileReference section */
		6843C616292FB586008FDA73 /* deCripple.app */ = {isa = PBXFileReference; explicitFileType = wrapper.application; includeInIndex = 0; path = deCripple.app; sourceTree = BUILT_PRODUCTS_DIR; };
		6843C619292FB586008FDA73 /* deCrippleApp.swift */ = {isa = PBXFileReference; lastKnownFileType = sourcecode.swift; path = deCrippleApp.swift; sourceTree = "<group>"; };
		6843C61B292FB586008FDA73 /* ContentView.swift */ = {isa = PBXFileReference; lastKnownFileType = sourcecode.swift; path = ContentView.swift; sourceTree = "<group>"; };
		6843C61D292FB587008FDA73 /* Assets.xcassets */ = {isa = PBXFileReference; lastKnownFileType = folder.assetcatalog; path = Assets.xcassets; sourceTree = "<group>"; };
		6843C620292FB587008FDA73 /* Preview Assets.xcassets */ = {isa = PBXFileReference; lastKnownFileType = folder.assetcatalog; path = "Preview Assets.xcassets"; sourceTree = "<group>"; };
		6843C62A292FB69F008FDA73 /* iTunesLookup.swift */ = {isa = PBXFileReference; fileEncoding = 4; lastKnownFileType = sourcecode.swift; path = iTunesLookup.swift; sourceTree = "<group>"; };
		6843C62C292FB6C8008FDA73 /* Extensions.swift */ = {isa = PBXFileReference; fileEncoding = 4; lastKnownFileType = sourcecode.swift; path = Extensions.swift; sourceTree = "<group>"; };
		6843C62E292FB6DD008FDA73 /* Launch Screen.storyboard */ = {isa = PBXFileReference; fileEncoding = 4; lastKnownFileType = file.storyboard; path = "Launch Screen.storyboard"; sourceTree = "<group>"; };
		6843C630292FB6F5008FDA73 /* LookupView.swift */ = {isa = PBXFileReference; fileEncoding = 4; lastKnownFileType = sourcecode.swift; path = LookupView.swift; sourceTree = "<group>"; };
		6843C632292FDA93008FDA73 /* DecryptionRequest.swift */ = {isa = PBXFileReference; lastKnownFileType = sourcecode.swift; path = DecryptionRequest.swift; sourceTree = "<group>"; };
		684EB84D2933A22500F3C57A /* LookupAppDetails.swift */ = {isa = PBXFileReference; lastKnownFileType = sourcecode.swift; path = LookupAppDetails.swift; sourceTree = "<group>"; };
		68DE97F02938CE0200A565B8 /* RepoView.swift */ = {isa = PBXFileReference; lastKnownFileType = sourcecode.swift; path = RepoView.swift; sourceTree = "<group>"; };
		68DE97F22938CF4B00A565B8 /* Components.swift */ = {isa = PBXFileReference; lastKnownFileType = sourcecode.swift; path = Components.swift; sourceTree = "<group>"; };
		68DE97F4293987B400A565B8 /* RepoAppDetails.swift */ = {isa = PBXFileReference; lastKnownFileType = sourcecode.swift; path = RepoAppDetails.swift; sourceTree = "<group>"; };
/* End PBXFileReference section */

/* Begin PBXFrameworksBuildPhase section */
		6843C613292FB586008FDA73 /* Frameworks */ = {
			isa = PBXFrameworksBuildPhase;
			buildActionMask = 2147483647;
			files = (
				6843C629292FB636008FDA73 /* Neumorphic in Frameworks */,
			);
			runOnlyForDeploymentPostprocessing = 0;
		};
/* End PBXFrameworksBuildPhase section */

/* Begin PBXGroup section */
		6843C60D292FB586008FDA73 = {
			isa = PBXGroup;
			children = (
				6843C618292FB586008FDA73 /* deCripple */,
				6843C617292FB586008FDA73 /* Products */,
			);
			indentWidth = 2;
			sourceTree = "<group>";
			tabWidth = 2;
		};
		6843C617292FB586008FDA73 /* Products */ = {
			isa = PBXGroup;
			children = (
				6843C616292FB586008FDA73 /* deCripple.app */,
			);
			name = Products;
			sourceTree = "<group>";
		};
		6843C618292FB586008FDA73 /* deCripple */ = {
			isa = PBXGroup;
			children = (
				6843C62E292FB6DD008FDA73 /* Launch Screen.storyboard */,
				6843C619292FB586008FDA73 /* deCrippleApp.swift */,
				6843C61B292FB586008FDA73 /* ContentView.swift */,
				68DE97F02938CE0200A565B8 /* RepoView.swift */,
				68DE97F4293987B400A565B8 /* RepoAppDetails.swift */,
				6843C630292FB6F5008FDA73 /* LookupView.swift */,
				684EB84D2933A22500F3C57A /* LookupAppDetails.swift */,
				6843C62C292FB6C8008FDA73 /* Extensions.swift */,
				68DE97F22938CF4B00A565B8 /* Components.swift */,
				6843C62A292FB69F008FDA73 /* iTunesLookup.swift */,
				6843C632292FDA93008FDA73 /* DecryptionRequest.swift */,
				6843C61D292FB587008FDA73 /* Assets.xcassets */,
				6843C61F292FB587008FDA73 /* Preview Content */,
			);
			path = deCripple;
			sourceTree = "<group>";
		};
		6843C61F292FB587008FDA73 /* Preview Content */ = {
			isa = PBXGroup;
			children = (
				6843C620292FB587008FDA73 /* Preview Assets.xcassets */,
			);
			path = "Preview Content";
			sourceTree = "<group>";
		};
/* End PBXGroup section */

/* Begin PBXNativeTarget section */
		6843C615292FB586008FDA73 /* deCripple */ = {
			isa = PBXNativeTarget;
			buildConfigurationList = 6843C624292FB587008FDA73 /* Build configuration list for PBXNativeTarget "deCripple" */;
			buildPhases = (
				6843C612292FB586008FDA73 /* Sources */,
				6843C613292FB586008FDA73 /* Frameworks */,
				6843C614292FB586008FDA73 /* Resources */,
			);
			buildRules = (
			);
			dependencies = (
			);
			name = deCripple;
			packageProductDependencies = (
				6843C628292FB636008FDA73 /* Neumorphic */,
			);
			productName = deCripple;
			productReference = 6843C616292FB586008FDA73 /* deCripple.app */;
			productType = "com.apple.product-type.application";
		};
/* End PBXNativeTarget section */

/* Begin PBXProject section */
		6843C60E292FB586008FDA73 /* Project object */ = {
			isa = PBXProject;
			attributes = {
				BuildIndependentTargetsInParallel = 1;
				LastSwiftUpdateCheck = 1410;
				LastUpgradeCheck = 1410;
				TargetAttributes = {
					6843C615292FB586008FDA73 = {
						CreatedOnToolsVersion = 14.1;
					};
				};
			};
			buildConfigurationList = 6843C611292FB586008FDA73 /* Build configuration list for PBXProject "deCripple" */;
			compatibilityVersion = "Xcode 14.0";
			developmentRegion = en;
			hasScannedForEncodings = 0;
			knownRegions = (
				en,
				Base,
			);
			mainGroup = 6843C60D292FB586008FDA73;
			packageReferences = (
				6843C627292FB636008FDA73 /* XCRemoteSwiftPackageReference "neumorphic" */,
			);
			productRefGroup = 6843C617292FB586008FDA73 /* Products */;
			projectDirPath = "";
			projectRoot = "";
			targets = (
				6843C615292FB586008FDA73 /* deCripple */,
			);
		};
/* End PBXProject section */

/* Begin PBXResourcesBuildPhase section */
		6843C614292FB586008FDA73 /* Resources */ = {
			isa = PBXResourcesBuildPhase;
			buildActionMask = 2147483647;
			files = (
				6843C62F292FB6DE008FDA73 /* Launch Screen.storyboard in Resources */,
				6843C621292FB587008FDA73 /* Preview Assets.xcassets in Resources */,
				6843C61E292FB587008FDA73 /* Assets.xcassets in Resources */,
			);
			runOnlyForDeploymentPostprocessing = 0;
		};
/* End PBXResourcesBuildPhase section */

/* Begin PBXSourcesBuildPhase section */
		6843C612292FB586008FDA73 /* Sources */ = {
			isa = PBXSourcesBuildPhase;
			buildActionMask = 2147483647;
			files = (
				6843C633292FDA93008FDA73 /* DecryptionRequest.swift in Sources */,
				68DE97F5293987B400A565B8 /* RepoAppDetails.swift in Sources */,
				6843C61A292FB586008FDA73 /* deCrippleApp.swift in Sources */,
				68DE97F12938CE0200A565B8 /* RepoView.swift in Sources */,
				685B3EE3293292130010E24D /* ContentView.swift in Sources */,
				6843C62B292FB6A0008FDA73 /* iTunesLookup.swift in Sources */,
				6843C62D292FB6C8008FDA73 /* Extensions.swift in Sources */,
				6843C631292FB6F5008FDA73 /* LookupView.swift in Sources */,
				68DE97F32938CF4B00A565B8 /* Components.swift in Sources */,
				684EB84E2933A22500F3C57A /* LookupAppDetails.swift in Sources */,
			);
			runOnlyForDeploymentPostprocessing = 0;
		};
/* End PBXSourcesBuildPhase section */

/* Begin XCBuildConfiguration section */
		6843C622292FB587008FDA73 /* Debug */ = {
			isa = XCBuildConfiguration;
			buildSettings = {
				ALWAYS_SEARCH_USER_PATHS = NO;
				CLANG_ANALYZER_NONNULL = YES;
				CLANG_ANALYZER_NUMBER_OBJECT_CONVERSION = YES_AGGRESSIVE;
				CLANG_CXX_LANGUAGE_STANDARD = "gnu++20";
				CLANG_ENABLE_MODULES = YES;
				CLANG_ENABLE_OBJC_ARC = YES;
				CLANG_ENABLE_OBJC_WEAK = YES;
				CLANG_WARN_BLOCK_CAPTURE_AUTORELEASING = YES;
				CLANG_WARN_BOOL_CONVERSION = YES;
				CLANG_WARN_COMMA = YES;
				CLANG_WARN_CONSTANT_CONVERSION = YES;
				CLANG_WARN_DEPRECATED_OBJC_IMPLEMENTATIONS = YES;
				CLANG_WARN_DIRECT_OBJC_ISA_USAGE = YES_ERROR;
				CLANG_WARN_DOCUMENTATION_COMMENTS = YES;
				CLANG_WARN_EMPTY_BODY = YES;
				CLANG_WARN_ENUM_CONVERSION = YES;
				CLANG_WARN_INFINITE_RECURSION = YES;
				CLANG_WARN_INT_CONVERSION = YES;
				CLANG_WARN_NON_LITERAL_NULL_CONVERSION = YES;
				CLANG_WARN_OBJC_IMPLICIT_RETAIN_SELF = YES;
				CLANG_WARN_OBJC_LITERAL_CONVERSION = YES;
				CLANG_WARN_OBJC_ROOT_CLASS = YES_ERROR;
				CLANG_WARN_QUOTED_INCLUDE_IN_FRAMEWORK_HEADER = YES;
				CLANG_WARN_RANGE_LOOP_ANALYSIS = YES;
				CLANG_WARN_STRICT_PROTOTYPES = YES;
				CLANG_WARN_SUSPICIOUS_MOVE = YES;
				CLANG_WARN_UNGUARDED_AVAILABILITY = YES_AGGRESSIVE;
				CLANG_WARN_UNREACHABLE_CODE = YES;
				CLANG_WARN__DUPLICATE_METHOD_MATCH = YES;
				COPY_PHASE_STRIP = NO;
				DEBUG_INFORMATION_FORMAT = dwarf;
				ENABLE_STRICT_OBJC_MSGSEND = YES;
				ENABLE_TESTABILITY = YES;
				GCC_C_LANGUAGE_STANDARD = gnu11;
				GCC_DYNAMIC_NO_PIC = NO;
				GCC_NO_COMMON_BLOCKS = YES;
				GCC_OPTIMIZATION_LEVEL = 0;
				GCC_PREPROCESSOR_DEFINITIONS = (
					"DEBUG=1",
					"$(inherited)",
				);
				GCC_WARN_64_TO_32_BIT_CONVERSION = YES;
				GCC_WARN_ABOUT_RETURN_TYPE = YES_ERROR;
				GCC_WARN_UNDECLARED_SELECTOR = YES;
				GCC_WARN_UNINITIALIZED_AUTOS = YES_AGGRESSIVE;
				GCC_WARN_UNUSED_FUNCTION = YES;
				GCC_WARN_UNUSED_VARIABLE = YES;
				IPHONEOS_DEPLOYMENT_TARGET = 16.1;
				MTL_ENABLE_DEBUG_INFO = INCLUDE_SOURCE;
				MTL_FAST_MATH = YES;
				ONLY_ACTIVE_ARCH = YES;
				SDKROOT = iphoneos;
				SWIFT_ACTIVE_COMPILATION_CONDITIONS = DEBUG;
				SWIFT_OPTIMIZATION_LEVEL = "-Onone";
			};
			name = Debug;
		};
		6843C623292FB587008FDA73 /* Release */ = {
			isa = XCBuildConfiguration;
			buildSettings = {
				ALWAYS_SEARCH_USER_PATHS = NO;
				CLANG_ANALYZER_NONNULL = YES;
				CLANG_ANALYZER_NUMBER_OBJECT_CONVERSION = YES_AGGRESSIVE;
				CLANG_CXX_LANGUAGE_STANDARD = "gnu++20";
				CLANG_ENABLE_MODULES = YES;
				CLANG_ENABLE_OBJC_ARC = YES;
				CLANG_ENABLE_OBJC_WEAK = YES;
				CLANG_WARN_BLOCK_CAPTURE_AUTORELEASING = YES;
				CLANG_WARN_BOOL_CONVERSION = YES;
				CLANG_WARN_COMMA = YES;
				CLANG_WARN_CONSTANT_CONVERSION = YES;
				CLANG_WARN_DEPRECATED_OBJC_IMPLEMENTATIONS = YES;
				CLANG_WARN_DIRECT_OBJC_ISA_USAGE = YES_ERROR;
				CLANG_WARN_DOCUMENTATION_COMMENTS = YES;
				CLANG_WARN_EMPTY_BODY = YES;
				CLANG_WARN_ENUM_CONVERSION = YES;
				CLANG_WARN_INFINITE_RECURSION = YES;
				CLANG_WARN_INT_CONVERSION = YES;
				CLANG_WARN_NON_LITERAL_NULL_CONVERSION = YES;
				CLANG_WARN_OBJC_IMPLICIT_RETAIN_SELF = YES;
				CLANG_WARN_OBJC_LITERAL_CONVERSION = YES;
				CLANG_WARN_OBJC_ROOT_CLASS = YES_ERROR;
				CLANG_WARN_QUOTED_INCLUDE_IN_FRAMEWORK_HEADER = YES;
				CLANG_WARN_RANGE_LOOP_ANALYSIS = YES;
				CLANG_WARN_STRICT_PROTOTYPES = YES;
				CLANG_WARN_SUSPICIOUS_MOVE = YES;
				CLANG_WARN_UNGUARDED_AVAILABILITY = YES_AGGRESSIVE;
				CLANG_WARN_UNREACHABLE_CODE = YES;
				CLANG_WARN__DUPLICATE_METHOD_MATCH = YES;
				COPY_PHASE_STRIP = NO;
				DEBUG_INFORMATION_FORMAT = "dwarf-with-dsym";
				ENABLE_NS_ASSERTIONS = NO;
				ENABLE_STRICT_OBJC_MSGSEND = YES;
				GCC_C_LANGUAGE_STANDARD = gnu11;
				GCC_NO_COMMON_BLOCKS = YES;
				GCC_WARN_64_TO_32_BIT_CONVERSION = YES;
				GCC_WARN_ABOUT_RETURN_TYPE = YES_ERROR;
				GCC_WARN_UNDECLARED_SELECTOR = YES;
				GCC_WARN_UNINITIALIZED_AUTOS = YES_AGGRESSIVE;
				GCC_WARN_UNUSED_FUNCTION = YES;
				GCC_WARN_UNUSED_VARIABLE = YES;
				IPHONEOS_DEPLOYMENT_TARGET = 16.1;
				MTL_ENABLE_DEBUG_INFO = NO;
				MTL_FAST_MATH = YES;
				SDKROOT = iphoneos;
				SWIFT_COMPILATION_MODE = wholemodule;
				SWIFT_OPTIMIZATION_LEVEL = "-O";
				VALIDATE_PRODUCT = YES;
			};
			name = Release;
		};
		6843C625292FB587008FDA73 /* Debug */ = {
			isa = XCBuildConfiguration;
			buildSettings = {
				ASSETCATALOG_COMPILER_APPICON_NAME = AppIcon;
				ASSETCATALOG_COMPILER_GLOBAL_ACCENT_COLOR_NAME = AccentColor;
				CODE_SIGN_STYLE = Automatic;
				CURRENT_PROJECT_VERSION = 1;
				DEVELOPMENT_ASSET_PATHS = "\"deCripple/Preview Content\"";
				DEVELOPMENT_TEAM = 44JD6UQ5FG;
				ENABLE_PREVIEWS = YES;
				GENERATE_INFOPLIST_FILE = YES;
				INFOPLIST_KEY_CFBundleDisplayName = deCripple;
				INFOPLIST_KEY_LSApplicationCategoryType = "public.app-category.utilities";
				INFOPLIST_KEY_UIApplicationSceneManifest_Generation = YES;
				INFOPLIST_KEY_UIApplicationSupportsIndirectInputEvents = YES;
				INFOPLIST_KEY_UILaunchScreen_Generation = YES;
				INFOPLIST_KEY_UILaunchStoryboardName = "Launch Screen.storyboard";
				INFOPLIST_KEY_UIRequiresFullScreen = YES;
				INFOPLIST_KEY_UISupportedInterfaceOrientations = UIInterfaceOrientationLandscapeLeft;
				IPHONEOS_DEPLOYMENT_TARGET = 15.0;
				LD_RUNPATH_SEARCH_PATHS = (
					"$(inherited)",
					"@executable_path/Frameworks",
				);
				MARKETING_VERSION = 1.0;
				PRODUCT_BUNDLE_IDENTIFIER = ir.amrsm.deCripple;
				PRODUCT_NAME = "$(TARGET_NAME)";
				SUPPORTED_PLATFORMS = "iphoneos iphonesimulator";
				SUPPORTS_MACCATALYST = NO;
				SUPPORTS_MAC_DESIGNED_FOR_IPHONE_IPAD = YES;
				SWIFT_EMIT_LOC_STRINGS = YES;
				SWIFT_VERSION = 5.0;
				TARGETED_DEVICE_FAMILY = 2;
			};
			name = Debug;
		};
		6843C626292FB587008FDA73 /* Release */ = {
			isa = XCBuildConfiguration;
			buildSettings = {
				ASSETCATALOG_COMPILER_APPICON_NAME = AppIcon;
				ASSETCATALOG_COMPILER_GLOBAL_ACCENT_COLOR_NAME = AccentColor;
				CODE_SIGN_STYLE = Automatic;
				CURRENT_PROJECT_VERSION = 1;
				DEVELOPMENT_ASSET_PATHS = "\"deCripple/Preview Content\"";
				DEVELOPMENT_TEAM = 44JD6UQ5FG;
				ENABLE_PREVIEWS = YES;
				GENERATE_INFOPLIST_FILE = YES;
				INFOPLIST_KEY_CFBundleDisplayName = deCripple;
				INFOPLIST_KEY_LSApplicationCategoryType = "public.app-category.utilities";
				INFOPLIST_KEY_UIApplicationSceneManifest_Generation = YES;
				INFOPLIST_KEY_UIApplicationSupportsIndirectInputEvents = YES;
				INFOPLIST_KEY_UILaunchScreen_Generation = YES;
				INFOPLIST_KEY_UILaunchStoryboardName = "Launch Screen.storyboard";
				INFOPLIST_KEY_UIRequiresFullScreen = YES;
				INFOPLIST_KEY_UISupportedInterfaceOrientations = UIInterfaceOrientationLandscapeLeft;
				IPHONEOS_DEPLOYMENT_TARGET = 15.0;
				LD_RUNPATH_SEARCH_PATHS = (
					"$(inherited)",
					"@executable_path/Frameworks",
				);
				MARKETING_VERSION = 1.0;
				PRODUCT_BUNDLE_IDENTIFIER = ir.amrsm.deCripple;
				PRODUCT_NAME = "$(TARGET_NAME)";
				SUPPORTED_PLATFORMS = "iphoneos iphonesimulator";
				SUPPORTS_MACCATALYST = NO;
				SUPPORTS_MAC_DESIGNED_FOR_IPHONE_IPAD = YES;
				SWIFT_EMIT_LOC_STRINGS = YES;
				SWIFT_VERSION = 5.0;
				TARGETED_DEVICE_FAMILY = 2;
			};
			name = Release;
		};
/* End XCBuildConfiguration section */

/* Begin XCConfigurationList section */
		6843C611292FB586008FDA73 /* Build configuration list for PBXProject "deCripple" */ = {
			isa = XCConfigurationList;
			buildConfigurations = (
				6843C622292FB587008FDA73 /* Debug */,
				6843C623292FB587008FDA73 /* Release */,
			);
			defaultConfigurationIsVisible = 0;
			defaultConfigurationName = Release;
		};
		6843C624292FB587008FDA73 /* Build configuration list for PBXNativeTarget "deCripple" */ = {
			isa = XCConfigurationList;
			buildConfigurations = (
				6843C625292FB587008FDA73 /* Debug */,
				6843C626292FB587008FDA73 /* Release */,
			);
			defaultConfigurationIsVisible = 0;
			defaultConfigurationName = Release;
		};
/* End XCConfigurationList section */

/* Begin XCRemoteSwiftPackageReference section */
		6843C627292FB636008FDA73 /* XCRemoteSwiftPackageReference "neumorphic" */ = {
			isa = XCRemoteSwiftPackageReference;
			repositoryURL = "https://github.com/costachung/neumorphic";
			requirement = {
				kind = upToNextMajorVersion;
				minimumVersion = 2.0.5;
			};
		};
/* End XCRemoteSwiftPackageReference section */

/* Begin XCSwiftPackageProductDependency section */
		6843C628292FB636008FDA73 /* Neumorphic */ = {
			isa = XCSwiftPackageProductDependency;
			package = 6843C627292FB636008FDA73 /* XCRemoteSwiftPackageReference "neumorphic" */;
			productName = Neumorphic;
		};
/* End XCSwiftPackageProductDependency section */
	};
	rootObject = 6843C60E292FB586008FDA73 /* Project object */;
}
