{
  "pins" : [
    {
      "identity" : "alamofire",
      "kind" : "remoteSourceControl",
      "location" : "https://github.com/Alamofire/Alamofire.git",
      "state" : {
        "revision" : "78424be314842833c04bc3bef5b72e85fff99204",
        "version" : "5.6.4"
      }
    },
    {
      "identity" : "codableany",
      "kind" : "remoteSourceControl",
      "location" : "https://github.com/amirsaam/CodableAny.git",
      "state" : {
        "revision" : "eec6d8e967ff9489e9a20a83d081585e6799bd70",
        "version" : "0.1.0"
      }
    },
    {
      "identity" : "datacache",
      "kind" : "remoteSourceControl",
      "location" : "https://github.com/huynguyencong/DataCache",
      "state" : {
        "revision" : "cdef39b1f7f539ff722e7954746b2876ef12178c",
        "version" : "1.7.0"
      }
    },
    {
      "identity" : "neumorphic",
      "kind" : "remoteSourceControl",
      "location" : "https://github.com/costachung/neumorphic",
      "state" : {
        "revision" : "03c6f7b3d27bfb28a082db2e9ffae45fbc69cb8b",
        "version" : "2.0.6"
      }
    },
    {
      "identity" : "patreonapi-swift",
      "kind" : "remoteSourceControl",
      "location" : "https://github.com/amirsaam/PatreonAPI-Swift.git",
      "state" : {
        "revision" : "70fa69ac95b75c5afea343ad54786312bc41197d",
        "version" : "0.9.8"
      }
    },
    {
      "identity" : "realm-core",
      "kind" : "remoteSourceControl",
      "location" : "https://github.com/realm/realm-core.git",
      "state" : {
        "revision" : "b77443ca7fa25407869ca537bf3ae912b1427bff",
        "version" : "12.13.0"
      }
    },
    {
      "identity" : "realm-swift",
      "kind" : "remoteSourceControl",
      "location" : "https://github.com/realm/realm-swift",
      "state" : {
        "revision" : "b1072f3ef733108dfcc62c2001781e5d65605fbf",
        "version" : "10.34.1"
      }
    },
    {
      "identity" : "semaphore",
      "kind" : "remoteSourceControl",
      "location" : "https://github.com/groue/Semaphore.git",
      "state" : {
        "revision" : "e67f3d2240440d9f892a382ae08cacc86f37625d",
        "version" : "0.0.6"
      }
    },
    {
      "identity" : "swiftui-cached-async-image",
      "kind" : "remoteSourceControl",
      "location" : "https://github.com/lorenzofiamingo/swiftui-cached-async-image",
      "state" : {
        "revision" : "467a3d17479887943ab917a379e62bbaff60ac8a",
        "version" : "2.1.1"
      }
    }
  ],
  "version" : 2
}
