{
  "pins" : [
    {
      "identity" : "alamofire",
      "kind" : "remoteSourceControl",
      "location" : "https://github.com/Alamofire/Alamofire.git",
      "state" : {
        "revision" : "78424be314842833c04bc3bef5b72e85fff99204",
        "version" : "5.6.4"
      }
    },
    {
      "identity" : "codableany",
      "kind" : "remoteSourceControl",
      "location" : "https://github.com/amirsaam/CodableAny.git",
      "state" : {
        "revision" : "cfbee4e4ff2d3cf7f1f097a95be22d108ac91cc4",
        "version" : "0.2.0"
      }
    },
    {
      "identity" : "datacache",
      "kind" : "remoteSourceControl",
      "location" : "https://github.com/huynguyencong/DataCache",
      "state" : {
        "revision" : "cdef39b1f7f539ff722e7954746b2876ef12178c",
        "version" : "1.7.0"
      }
    },
    {
      "identity" : "googleappmeasurement",
      "kind" : "remoteSourceControl",
      "location" : "https://github.com/google/GoogleAppMeasurement.git",
      "state" : {
        "revision" : "04351180d4c757c6c16127cb57b685fff9ef260b",
        "version" : "10.6.0"
      }
    },
    {
      "identity" : "googleutilities",
      "kind" : "remoteSourceControl",
      "location" : "https://github.com/google/GoogleUtilities.git",
      "state" : {
        "revision" : "871d43135925cde39ef7421d8723ce47edfdcc39",
        "version" : "7.11.1"
      }
    },
    {
      "identity" : "nanopb",
      "kind" : "remoteSourceControl",
      "location" : "https://github.com/firebase/nanopb.git",
      "state" : {
        "revision" : "819d0a2173aff699fb8c364b6fb906f7cdb1a692",
        "version" : "2.30909.0"
      }
    },
    {
      "identity" : "neumorphic",
      "kind" : "remoteSourceControl",
      "location" : "https://github.com/costachung/neumorphic",
      "state" : {
        "revision" : "03c6f7b3d27bfb28a082db2e9ffae45fbc69cb8b",
        "version" : "2.0.6"
      }
    },
    {
      "identity" : "patreonapi-swift",
      "kind" : "remoteSourceControl",
      "location" : "https://github.com/amirsaam/PatreonAPI-Swift.git",
      "state" : {
        "revision" : "973f3b864098a9f91d40efaa8069d055a708e16d",
        "version" : "0.9.14"
      }
    },
    {
      "identity" : "promises",
      "kind" : "remoteSourceControl",
      "location" : "https://github.com/google/promises.git",
      "state" : {
        "revision" : "ec957ccddbcc710ccc64c9dcbd4c7006fcf8b73a",
        "version" : "2.2.0"
      }
    },
    {
      "identity" : "realm-core",
      "kind" : "remoteSourceControl",
      "location" : "https://github.com/realm/realm-core.git",
      "state" : {
        "revision" : "e56380f05793998dfea0d87a34b68fdba475961c",
        "version" : "13.9.0"
      }
    },
    {
      "identity" : "realm-swift",
      "kind" : "remoteSourceControl",
      "location" : "https://github.com/realm/realm-swift",
      "state" : {
        "revision" : "71bddc82c4fe3dd6488739ff8b7e99f69183a614",
        "version" : "10.38.0"
      }
    },
    {
      "identity" : "semaphore",
      "kind" : "remoteSourceControl",
      "location" : "https://github.com/groue/Semaphore.git",
      "state" : {
        "revision" : "f1c4a0acabeb591068dea6cffdd39660b86dec28",
        "version" : "0.0.8"
      }
    },
    {
      "identity" : "swift-package-manager-google-mobile-ads",
      "kind" : "remoteSourceControl",
      "location" : "https://github.com/googleads/swift-package-manager-google-mobile-ads.git",
      "state" : {
        "revision" : "78f4c64d0f1900e54529e4c78075d663ca67d6e0",
        "version" : "9.14.0"
      }
    },
    {
      "identity" : "swift-package-manager-google-user-messaging-platform",
      "kind" : "remoteSourceControl",
      "location" : "https://github.com/googleads/swift-package-manager-google-user-messaging-platform.git",
      "state" : {
        "revision" : "3b924ce3313a5fd2fc6a8dc889a8c38f76890fe3",
        "version" : "2.0.0"
      }
    },
    {
      "identity" : "swiftui-cached-async-image",
      "kind" : "remoteSourceControl",
      "location" : "https://github.com/lorenzofiamingo/swiftui-cached-async-image",
      "state" : {
        "revision" : "467a3d17479887943ab917a379e62bbaff60ac8a",
        "version" : "2.1.1"
      }
    }
  ],
  "version" : 2
}
